// !$*UTF8*$!
{
	archiveVersion = 1;
	classes = {
	};
	objectVersion = 55;
	objects = {

/* Begin PBXBuildFile section */
		F3A7B06C28AF206C006FCE1A /* ViewController.swift in Sources */ = {isa = PBXBuildFile; fileRef = F3A7B06B28AF206C006FCE1A /* ViewController.swift */; };
		F3A7C3AF28BB14C2006ECA02 /* DecimalUtil.swift in Sources */ = {isa = PBXBuildFile; fileRef = F3A7C3AE28BB14C2006ECA02 /* DecimalUtil.swift */; };
		F3A7C3B128BB151F006ECA02 /* CurrencyFormatter.swift in Sources */ = {isa = PBXBuildFile; fileRef = F3A7C3B028BB151F006ECA02 /* CurrencyFormatter.swift */; };
		F3AB3EB528AA6C7900FA5C7C /* AppDelegate.swift in Sources */ = {isa = PBXBuildFile; fileRef = F3AB3EB428AA6C7900FA5C7C /* AppDelegate.swift */; };
		F3AB3EB928AA6C7900FA5C7C /* LoginViewController.swift in Sources */ = {isa = PBXBuildFile; fileRef = F3AB3EB828AA6C7900FA5C7C /* LoginViewController.swift */; };
		F3AB3EBE28AA6C7A00FA5C7C /* Assets.xcassets in Resources */ = {isa = PBXBuildFile; fileRef = F3AB3EBD28AA6C7A00FA5C7C /* Assets.xcassets */; };
		F3AB3EC128AA6C7A00FA5C7C /* LaunchScreen.storyboard in Resources */ = {isa = PBXBuildFile; fileRef = F3AB3EBF28AA6C7A00FA5C7C /* LaunchScreen.storyboard */; };
		F3AB3EC928AA6DA400FA5C7C /* LoginView.swift in Sources */ = {isa = PBXBuildFile; fileRef = F3AB3EC828AA6DA400FA5C7C /* LoginView.swift */; };
		F3AFE6F928BB33F200A851E7 /* CurrencyFormatterTests.swift in Sources */ = {isa = PBXBuildFile; fileRef = F3AFE6F828BB33F200A851E7 /* CurrencyFormatterTests.swift */; };
		F3B0CD5428B0A520008EB4AE /* LocalState.swift in Sources */ = {isa = PBXBuildFile; fileRef = F3B0CD5328B0A520008EB4AE /* LocalState.swift */; };
		F3B8D4F628B7D27F00052814 /* MainViewController.swift in Sources */ = {isa = PBXBuildFile; fileRef = F3B8D4F528B7D27F00052814 /* MainViewController.swift */; };
		F3BA9A1A28B4964200999FE4 /* StackCell.swift in Sources */ = {isa = PBXBuildFile; fileRef = F3BA9A1928B4964200999FE4 /* StackCell.swift */; };
		F3BA9C3B28B46F1E00EEA1F7 /* MyStackView.swift in Sources */ = {isa = PBXBuildFile; fileRef = F3BA9C3A28B46F1E00EEA1F7 /* MyStackView.swift */; };
		F3BA9C3D28B46F8100EEA1F7 /* MyViewController.swift in Sources */ = {isa = PBXBuildFile; fileRef = F3BA9C3C28B46F8100EEA1F7 /* MyViewController.swift */; };
		F3BAFDB228AB312E00D4C3F8 /* OnboardingContainerViewController.swift in Sources */ = {isa = PBXBuildFile; fileRef = F3BAFDB128AB312E00D4C3F8 /* OnboardingContainerViewController.swift */; };
		F3BAFDB428AB419900D4C3F8 /* OnboardingViewController.swift in Sources */ = {isa = PBXBuildFile; fileRef = F3BAFDB328AB419900D4C3F8 /* OnboardingViewController.swift */; };
		F3BBADD628B0963300AD8468 /* DummyLogoutViewController.swift in Sources */ = {isa = PBXBuildFile; fileRef = F3BBADD528B0963300AD8468 /* DummyLogoutViewController.swift */; };
		F3BC78C228B9ED9700921C13 /* AccountSummaryViewController.swift in Sources */ = {isa = PBXBuildFile; fileRef = F3BC78C128B9ED9700921C13 /* AccountSummaryViewController.swift */; };
		F3BC78C428B9F17900921C13 /* AccountSummaryHeaderView.swift in Sources */ = {isa = PBXBuildFile; fileRef = F3BC78C328B9F17900921C13 /* AccountSummaryHeaderView.swift */; };
		F3BC78C628B9F18D00921C13 /* AccountSummaryHeaderView.xib in Resources */ = {isa = PBXBuildFile; fileRef = F3BC78C528B9F18D00921C13 /* AccountSummaryHeaderView.xib */; };
		F3CCCC6728BA63FD00053BB0 /* AccountSummaryCell.swift in Sources */ = {isa = PBXBuildFile; fileRef = F3CCCC6628BA63FD00053BB0 /* AccountSummaryCell.swift */; };
		F3D67C5628B2074C002F6119 /* UIViewController+Utils.swift in Sources */ = {isa = PBXBuildFile; fileRef = F3D67C5528B2074C002F6119 /* UIViewController+Utils.swift */; };
/* End PBXBuildFile section */

/* Begin PBXContainerItemProxy section */
		F3A7C3BA28BB2BAA006ECA02 /* PBXContainerItemProxy */ = {
			isa = PBXContainerItemProxy;
			containerPortal = F3AB3EA928AA6C7900FA5C7C /* Project object */;
			proxyType = 1;
			remoteGlobalIDString = F3AB3EB028AA6C7900FA5C7C;
			remoteInfo = Bankey;
		};
/* End PBXContainerItemProxy section */

/* Begin PBXFileReference section */
		F3A7B06B28AF206C006FCE1A /* ViewController.swift */ = {isa = PBXFileReference; lastKnownFileType = sourcecode.swift; path = ViewController.swift; sourceTree = "<group>"; };
		F3A7C3AE28BB14C2006ECA02 /* DecimalUtil.swift */ = {isa = PBXFileReference; lastKnownFileType = sourcecode.swift; path = DecimalUtil.swift; sourceTree = "<group>"; };
		F3A7C3B028BB151F006ECA02 /* CurrencyFormatter.swift */ = {isa = PBXFileReference; lastKnownFileType = sourcecode.swift; path = CurrencyFormatter.swift; sourceTree = "<group>"; };
		F3A7C3B628BB2BAA006ECA02 /* BankeyUnitTests.xctest */ = {isa = PBXFileReference; explicitFileType = wrapper.cfbundle; includeInIndex = 0; path = BankeyUnitTests.xctest; sourceTree = BUILT_PRODUCTS_DIR; };
		F3AB3EB128AA6C7900FA5C7C /* Bankey.app */ = {isa = PBXFileReference; explicitFileType = wrapper.application; includeInIndex = 0; path = Bankey.app; sourceTree = BUILT_PRODUCTS_DIR; };
		F3AB3EB428AA6C7900FA5C7C /* AppDelegate.swift */ = {isa = PBXFileReference; lastKnownFileType = sourcecode.swift; path = AppDelegate.swift; sourceTree = "<group>"; };
		F3AB3EB828AA6C7900FA5C7C /* LoginViewController.swift */ = {isa = PBXFileReference; lastKnownFileType = sourcecode.swift; path = LoginViewController.swift; sourceTree = "<group>"; };
		F3AB3EBD28AA6C7A00FA5C7C /* Assets.xcassets */ = {isa = PBXFileReference; lastKnownFileType = folder.assetcatalog; path = Assets.xcassets; sourceTree = "<group>"; };
		F3AB3EC028AA6C7A00FA5C7C /* Base */ = {isa = PBXFileReference; lastKnownFileType = file.storyboard; name = Base; path = Base.lproj/LaunchScreen.storyboard; sourceTree = "<group>"; };
		F3AB3EC228AA6C7A00FA5C7C /* Info.plist */ = {isa = PBXFileReference; lastKnownFileType = text.plist.xml; path = Info.plist; sourceTree = "<group>"; };
		F3AB3EC828AA6DA400FA5C7C /* LoginView.swift */ = {isa = PBXFileReference; lastKnownFileType = sourcecode.swift; path = LoginView.swift; sourceTree = "<group>"; };
		F3AFE6F828BB33F200A851E7 /* CurrencyFormatterTests.swift */ = {isa = PBXFileReference; lastKnownFileType = sourcecode.swift; path = CurrencyFormatterTests.swift; sourceTree = "<group>"; };
		F3B0CD5328B0A520008EB4AE /* LocalState.swift */ = {isa = PBXFileReference; lastKnownFileType = sourcecode.swift; path = LocalState.swift; sourceTree = "<group>"; };
		F3B8D4F528B7D27F00052814 /* MainViewController.swift */ = {isa = PBXFileReference; lastKnownFileType = sourcecode.swift; path = MainViewController.swift; sourceTree = "<group>"; };
		F3BA9A1928B4964200999FE4 /* StackCell.swift */ = {isa = PBXFileReference; lastKnownFileType = sourcecode.swift; path = StackCell.swift; sourceTree = "<group>"; };
		F3BA9C3A28B46F1E00EEA1F7 /* MyStackView.swift */ = {isa = PBXFileReference; lastKnownFileType = sourcecode.swift; path = MyStackView.swift; sourceTree = "<group>"; };
		F3BA9C3C28B46F8100EEA1F7 /* MyViewController.swift */ = {isa = PBXFileReference; lastKnownFileType = sourcecode.swift; path = MyViewController.swift; sourceTree = "<group>"; };
		F3BAFDB128AB312E00D4C3F8 /* OnboardingContainerViewController.swift */ = {isa = PBXFileReference; lastKnownFileType = sourcecode.swift; path = OnboardingContainerViewController.swift; sourceTree = "<group>"; };
		F3BAFDB328AB419900D4C3F8 /* OnboardingViewController.swift */ = {isa = PBXFileReference; lastKnownFileType = sourcecode.swift; path = OnboardingViewController.swift; sourceTree = "<group>"; };
		F3BBADD528B0963300AD8468 /* DummyLogoutViewController.swift */ = {isa = PBXFileReference; lastKnownFileType = sourcecode.swift; path = DummyLogoutViewController.swift; sourceTree = "<group>"; };
		F3BC78C128B9ED9700921C13 /* AccountSummaryViewController.swift */ = {isa = PBXFileReference; lastKnownFileType = sourcecode.swift; path = AccountSummaryViewController.swift; sourceTree = "<group>"; };
		F3BC78C328B9F17900921C13 /* AccountSummaryHeaderView.swift */ = {isa = PBXFileReference; lastKnownFileType = sourcecode.swift; path = AccountSummaryHeaderView.swift; sourceTree = "<group>"; };
		F3BC78C528B9F18D00921C13 /* AccountSummaryHeaderView.xib */ = {isa = PBXFileReference; lastKnownFileType = file.xib; path = AccountSummaryHeaderView.xib; sourceTree = "<group>"; };
		F3CCCC6628BA63FD00053BB0 /* AccountSummaryCell.swift */ = {isa = PBXFileReference; lastKnownFileType = sourcecode.swift; path = AccountSummaryCell.swift; sourceTree = "<group>"; };
		F3D67C5528B2074C002F6119 /* UIViewController+Utils.swift */ = {isa = PBXFileReference; lastKnownFileType = sourcecode.swift; path = "UIViewController+Utils.swift"; sourceTree = "<group>"; };
/* End PBXFileReference section */

/* Begin PBXFrameworksBuildPhase section */
		F3A7C3B328BB2BAA006ECA02 /* Frameworks */ = {
			isa = PBXFrameworksBuildPhase;
			buildActionMask = 2147483647;
			files = (
			);
			runOnlyForDeploymentPostprocessing = 0;
		};
		F3AB3EAE28AA6C7900FA5C7C /* Frameworks */ = {
			isa = PBXFrameworksBuildPhase;
			buildActionMask = 2147483647;
			files = (
			);
			runOnlyForDeploymentPostprocessing = 0;
		};
/* End PBXFrameworksBuildPhase section */

/* Begin PBXGroup section */
		F3A7B06A28AF204F006FCE1A /* delegate protocal */ = {
			isa = PBXGroup;
			children = (
				F3A7B06B28AF206C006FCE1A /* ViewController.swift */,
			);
			path = "delegate protocal";
			sourceTree = "<group>";
		};
		F3A7C3B728BB2BAA006ECA02 /* BankeyUnitTests */ = {
			isa = PBXGroup;
			children = (
				F3AFE6F828BB33F200A851E7 /* CurrencyFormatterTests.swift */,
			);
			path = BankeyUnitTests;
			sourceTree = "<group>";
		};
		F3AB3EA828AA6C7900FA5C7C = {
			isa = PBXGroup;
			children = (
				F3AB3EB328AA6C7900FA5C7C /* Bankey */,
				F3A7C3B728BB2BAA006ECA02 /* BankeyUnitTests */,
				F3AB3EB228AA6C7900FA5C7C /* Products */,
			);
			sourceTree = "<group>";
		};
		F3AB3EB228AA6C7900FA5C7C /* Products */ = {
			isa = PBXGroup;
			children = (
				F3AB3EB128AA6C7900FA5C7C /* Bankey.app */,
				F3A7C3B628BB2BAA006ECA02 /* BankeyUnitTests.xctest */,
			);
			name = Products;
			sourceTree = "<group>";
		};
		F3AB3EB328AA6C7900FA5C7C /* Bankey */ = {
			isa = PBXGroup;
			children = (
				F3AB3EB428AA6C7900FA5C7C /* AppDelegate.swift */,
				F3B8D4F528B7D27F00052814 /* MainViewController.swift */,
				F3BC78C028B9ED7900921C13 /* account summary */,
				F3BA9C3928B46EE400EEA1F7 /* poc */,
				F3A7B06A28AF204F006FCE1A /* delegate protocal */,
				F3BAFDAF28AB30F000D4C3F8 /* login */,
				F3BAFDB028AB30FC00D4C3F8 /* onboarding */,
				F3B0CD5228B0A502008EB4AE /* utils */,
				F3AB3EBD28AA6C7A00FA5C7C /* Assets.xcassets */,
				F3AB3EBF28AA6C7A00FA5C7C /* LaunchScreen.storyboard */,
				F3AB3EC228AA6C7A00FA5C7C /* Info.plist */,
			);
			path = Bankey;
			sourceTree = "<group>";
		};
		F3B0CD5228B0A502008EB4AE /* utils */ = {
			isa = PBXGroup;
			children = (
				F3B0CD5328B0A520008EB4AE /* LocalState.swift */,
				F3A7C3AE28BB14C2006ECA02 /* DecimalUtil.swift */,
				F3D67C5528B2074C002F6119 /* UIViewController+Utils.swift */,
				F3A7C3B028BB151F006ECA02 /* CurrencyFormatter.swift */,
			);
			path = utils;
			sourceTree = "<group>";
		};
		F3BA9C3928B46EE400EEA1F7 /* poc */ = {
			isa = PBXGroup;
			children = (
				F3BA9C3A28B46F1E00EEA1F7 /* MyStackView.swift */,
				F3BA9A1928B4964200999FE4 /* StackCell.swift */,
				F3BA9C3C28B46F8100EEA1F7 /* MyViewController.swift */,
			);
			path = poc;
			sourceTree = "<group>";
		};
		F3BAFDAF28AB30F000D4C3F8 /* login */ = {
			isa = PBXGroup;
			children = (
				F3AB3EB828AA6C7900FA5C7C /* LoginViewController.swift */,
				F3BBADD528B0963300AD8468 /* DummyLogoutViewController.swift */,
				F3AB3EC828AA6DA400FA5C7C /* LoginView.swift */,
			);
			path = login;
			sourceTree = "<group>";
		};
		F3BAFDB028AB30FC00D4C3F8 /* onboarding */ = {
			isa = PBXGroup;
			children = (
				F3BAFDB128AB312E00D4C3F8 /* OnboardingContainerViewController.swift */,
				F3BAFDB328AB419900D4C3F8 /* OnboardingViewController.swift */,
			);
			path = onboarding;
			sourceTree = "<group>";
		};
		F3BC78C028B9ED7900921C13 /* account summary */ = {
			isa = PBXGroup;
			children = (
				F3BC78C128B9ED9700921C13 /* AccountSummaryViewController.swift */,
				F3CCCC6528BA63DC00053BB0 /* cells */,
				F3CCCC6328BA63C900053BB0 /* header */,
			);
			path = "account summary";
			sourceTree = "<group>";
		};
		F3CCCC6328BA63C900053BB0 /* header */ = {
			isa = PBXGroup;
			children = (
				F3BC78C328B9F17900921C13 /* AccountSummaryHeaderView.swift */,
				F3BC78C528B9F18D00921C13 /* AccountSummaryHeaderView.xib */,
			);
			path = header;
			sourceTree = "<group>";
		};
		F3CCCC6528BA63DC00053BB0 /* cells */ = {
			isa = PBXGroup;
			children = (
				F3CCCC6628BA63FD00053BB0 /* AccountSummaryCell.swift */,
			);
			path = cells;
			sourceTree = "<group>";
		};
/* End PBXGroup section */

/* Begin PBXNativeTarget section */
		F3A7C3B528BB2BAA006ECA02 /* BankeyUnitTests */ = {
			isa = PBXNativeTarget;
			buildConfigurationList = F3A7C3BC28BB2BAA006ECA02 /* Build configuration list for PBXNativeTarget "BankeyUnitTests" */;
			buildPhases = (
				F3A7C3B228BB2BAA006ECA02 /* Sources */,
				F3A7C3B328BB2BAA006ECA02 /* Frameworks */,
				F3A7C3B428BB2BAA006ECA02 /* Resources */,
			);
			buildRules = (
			);
			dependencies = (
				F3A7C3BB28BB2BAA006ECA02 /* PBXTargetDependency */,
			);
			name = BankeyUnitTests;
			productName = BankeyUnitTests;
			productReference = F3A7C3B628BB2BAA006ECA02 /* BankeyUnitTests.xctest */;
			productType = "com.apple.product-type.bundle.unit-test";
		};
		F3AB3EB028AA6C7900FA5C7C /* Bankey */ = {
			isa = PBXNativeTarget;
			buildConfigurationList = F3AB3EC528AA6C7A00FA5C7C /* Build configuration list for PBXNativeTarget "Bankey" */;
			buildPhases = (
				F3AB3EAD28AA6C7900FA5C7C /* Sources */,
				F3AB3EAE28AA6C7900FA5C7C /* Frameworks */,
				F3AB3EAF28AA6C7900FA5C7C /* Resources */,
			);
			buildRules = (
			);
			dependencies = (
			);
			name = Bankey;
			productName = Bankey;
			productReference = F3AB3EB128AA6C7900FA5C7C /* Bankey.app */;
			productType = "com.apple.product-type.application";
		};
/* End PBXNativeTarget section */

/* Begin PBXProject section */
		F3AB3EA928AA6C7900FA5C7C /* Project object */ = {
			isa = PBXProject;
			attributes = {
				BuildIndependentTargetsInParallel = 1;
				LastSwiftUpdateCheck = 1340;
				LastUpgradeCheck = 1340;
				TargetAttributes = {
					F3A7C3B528BB2BAA006ECA02 = {
						CreatedOnToolsVersion = 13.4;
						LastSwiftMigration = 1340;
						TestTargetID = F3AB3EB028AA6C7900FA5C7C;
					};
					F3AB3EB028AA6C7900FA5C7C = {
						CreatedOnToolsVersion = 13.4;
					};
				};
			};
			buildConfigurationList = F3AB3EAC28AA6C7900FA5C7C /* Build configuration list for PBXProject "Bankey" */;
			compatibilityVersion = "Xcode 13.0";
			developmentRegion = en;
			hasScannedForEncodings = 0;
			knownRegions = (
				en,
				Base,
			);
			mainGroup = F3AB3EA828AA6C7900FA5C7C;
			productRefGroup = F3AB3EB228AA6C7900FA5C7C /* Products */;
			projectDirPath = "";
			projectRoot = "";
			targets = (
				F3AB3EB028AA6C7900FA5C7C /* Bankey */,
				F3A7C3B528BB2BAA006ECA02 /* BankeyUnitTests */,
			);
		};
/* End PBXProject section */

/* Begin PBXResourcesBuildPhase section */
		F3A7C3B428BB2BAA006ECA02 /* Resources */ = {
			isa = PBXResourcesBuildPhase;
			buildActionMask = 2147483647;
			files = (
			);
			runOnlyForDeploymentPostprocessing = 0;
		};
		F3AB3EAF28AA6C7900FA5C7C /* Resources */ = {
			isa = PBXResourcesBuildPhase;
			buildActionMask = 2147483647;
			files = (
				F3BC78C628B9F18D00921C13 /* AccountSummaryHeaderView.xib in Resources */,
				F3AB3EC128AA6C7A00FA5C7C /* LaunchScreen.storyboard in Resources */,
				F3AB3EBE28AA6C7A00FA5C7C /* Assets.xcassets in Resources */,
			);
			runOnlyForDeploymentPostprocessing = 0;
		};
/* End PBXResourcesBuildPhase section */

/* Begin PBXSourcesBuildPhase section */
		F3A7C3B228BB2BAA006ECA02 /* Sources */ = {
			isa = PBXSourcesBuildPhase;
			buildActionMask = 2147483647;
			files = (
				F3AFE6F928BB33F200A851E7 /* CurrencyFormatterTests.swift in Sources */,
			);
			runOnlyForDeploymentPostprocessing = 0;
		};
		F3AB3EAD28AA6C7900FA5C7C /* Sources */ = {
			isa = PBXSourcesBuildPhase;
			buildActionMask = 2147483647;
			files = (
				F3BC78C428B9F17900921C13 /* AccountSummaryHeaderView.swift in Sources */,
				F3BBADD628B0963300AD8468 /* DummyLogoutViewController.swift in Sources */,
				F3B8D4F628B7D27F00052814 /* MainViewController.swift in Sources */,
				F3A7B06C28AF206C006FCE1A /* ViewController.swift in Sources */,
				F3D67C5628B2074C002F6119 /* UIViewController+Utils.swift in Sources */,
				F3AB3EC928AA6DA400FA5C7C /* LoginView.swift in Sources */,
				F3AB3EB928AA6C7900FA5C7C /* LoginViewController.swift in Sources */,
				F3A7C3B128BB151F006ECA02 /* CurrencyFormatter.swift in Sources */,
				F3BAFDB428AB419900D4C3F8 /* OnboardingViewController.swift in Sources */,
				F3BC78C228B9ED9700921C13 /* AccountSummaryViewController.swift in Sources */,
				F3AB3EB528AA6C7900FA5C7C /* AppDelegate.swift in Sources */,
				F3BAFDB228AB312E00D4C3F8 /* OnboardingContainerViewController.swift in Sources */,
				F3BA9C3B28B46F1E00EEA1F7 /* MyStackView.swift in Sources */,
				F3BA9C3D28B46F8100EEA1F7 /* MyViewController.swift in Sources */,
				F3BA9A1A28B4964200999FE4 /* StackCell.swift in Sources */,
				F3A7C3AF28BB14C2006ECA02 /* DecimalUtil.swift in Sources */,
				F3CCCC6728BA63FD00053BB0 /* AccountSummaryCell.swift in Sources */,
				F3B0CD5428B0A520008EB4AE /* LocalState.swift in Sources */,
			);
			runOnlyForDeploymentPostprocessing = 0;
		};
/* End PBXSourcesBuildPhase section */

/* Begin PBXTargetDependency section */
		F3A7C3BB28BB2BAA006ECA02 /* PBXTargetDependency */ = {
			isa = PBXTargetDependency;
			target = F3AB3EB028AA6C7900FA5C7C /* Bankey */;
			targetProxy = F3A7C3BA28BB2BAA006ECA02 /* PBXContainerItemProxy */;
		};
/* End PBXTargetDependency section */

/* Begin PBXVariantGroup section */
		F3AB3EBF28AA6C7A00FA5C7C /* LaunchScreen.storyboard */ = {
			isa = PBXVariantGroup;
			children = (
				F3AB3EC028AA6C7A00FA5C7C /* Base */,
			);
			name = LaunchScreen.storyboard;
			sourceTree = "<group>";
		};
/* End PBXVariantGroup section */

/* Begin XCBuildConfiguration section */
		F3A7C3BD28BB2BAA006ECA02 /* Debug */ = {
			isa = XCBuildConfiguration;
			buildSettings = {
				BUNDLE_LOADER = "$(TEST_HOST)";
				CLANG_ENABLE_MODULES = YES;
				CODE_SIGN_STYLE = Automatic;
				CURRENT_PROJECT_VERSION = 1;
				DEVELOPMENT_TEAM = 28TA3S4YSB;
				GENERATE_INFOPLIST_FILE = YES;
				LD_RUNPATH_SEARCH_PATHS = (
					"$(inherited)",
					"@executable_path/Frameworks",
					"@loader_path/Frameworks",
				);
				MARKETING_VERSION = 1.0;
				PRODUCT_BUNDLE_IDENTIFIER = com.uikit.learn.bankey.BankeyUnitTests;
				PRODUCT_NAME = "$(TARGET_NAME)";
				SWIFT_EMIT_LOC_STRINGS = NO;
				SWIFT_OPTIMIZATION_LEVEL = "-Onone";
				SWIFT_VERSION = 5.0;
				TARGETED_DEVICE_FAMILY = "1,2";
				TEST_HOST = "$(BUILT_PRODUCTS_DIR)/Bankey.app/Bankey";
			};
			name = Debug;
		};
		F3A7C3BE28BB2BAA006ECA02 /* Release */ = {
			isa = XCBuildConfiguration;
			buildSettings = {
				BUNDLE_LOADER = "$(TEST_HOST)";
				CLANG_ENABLE_MODULES = YES;
				CODE_SIGN_STYLE = Automatic;
				CURRENT_PROJECT_VERSION = 1;
				DEVELOPMENT_TEAM = 28TA3S4YSB;
				GENERATE_INFOPLIST_FILE = YES;
				LD_RUNPATH_SEARCH_PATHS = (
					"$(inherited)",
					"@executable_path/Frameworks",
					"@loader_path/Frameworks",
				);
				MARKETING_VERSION = 1.0;
				PRODUCT_BUNDLE_IDENTIFIER = com.uikit.learn.bankey.BankeyUnitTests;
				PRODUCT_NAME = "$(TARGET_NAME)";
				SWIFT_EMIT_LOC_STRINGS = NO;
				SWIFT_VERSION = 5.0;
				TARGETED_DEVICE_FAMILY = "1,2";
				TEST_HOST = "$(BUILT_PRODUCTS_DIR)/Bankey.app/Bankey";
			};
			name = Release;
		};
		F3AB3EC328AA6C7A00FA5C7C /* Debug */ = {
			isa = XCBuildConfiguration;
			buildSettings = {
				ALWAYS_SEARCH_USER_PATHS = NO;
				CLANG_ANALYZER_NONNULL = YES;
				CLANG_ANALYZER_NUMBER_OBJECT_CONVERSION = YES_AGGRESSIVE;
				CLANG_CXX_LANGUAGE_STANDARD = "gnu++17";
				CLANG_ENABLE_MODULES = YES;
				CLANG_ENABLE_OBJC_ARC = YES;
				CLANG_ENABLE_OBJC_WEAK = YES;
				CLANG_WARN_BLOCK_CAPTURE_AUTORELEASING = YES;
				CLANG_WARN_BOOL_CONVERSION = YES;
				CLANG_WARN_COMMA = YES;
				CLANG_WARN_CONSTANT_CONVERSION = YES;
				CLANG_WARN_DEPRECATED_OBJC_IMPLEMENTATIONS = YES;
				CLANG_WARN_DIRECT_OBJC_ISA_USAGE = YES_ERROR;
				CLANG_WARN_DOCUMENTATION_COMMENTS = YES;
				CLANG_WARN_EMPTY_BODY = YES;
				CLANG_WARN_ENUM_CONVERSION = YES;
				CLANG_WARN_INFINITE_RECURSION = YES;
				CLANG_WARN_INT_CONVERSION = YES;
				CLANG_WARN_NON_LITERAL_NULL_CONVERSION = YES;
				CLANG_WARN_OBJC_IMPLICIT_RETAIN_SELF = YES;
				CLANG_WARN_OBJC_LITERAL_CONVERSION = YES;
				CLANG_WARN_OBJC_ROOT_CLASS = YES_ERROR;
				CLANG_WARN_QUOTED_INCLUDE_IN_FRAMEWORK_HEADER = YES;
				CLANG_WARN_RANGE_LOOP_ANALYSIS = YES;
				CLANG_WARN_STRICT_PROTOTYPES = YES;
				CLANG_WARN_SUSPICIOUS_MOVE = YES;
				CLANG_WARN_UNGUARDED_AVAILABILITY = YES_AGGRESSIVE;
				CLANG_WARN_UNREACHABLE_CODE = YES;
				CLANG_WARN__DUPLICATE_METHOD_MATCH = YES;
				COPY_PHASE_STRIP = NO;
				DEBUG_INFORMATION_FORMAT = dwarf;
				ENABLE_STRICT_OBJC_MSGSEND = YES;
				ENABLE_TESTABILITY = YES;
				GCC_C_LANGUAGE_STANDARD = gnu11;
				GCC_DYNAMIC_NO_PIC = NO;
				GCC_NO_COMMON_BLOCKS = YES;
				GCC_OPTIMIZATION_LEVEL = 0;
				GCC_PREPROCESSOR_DEFINITIONS = (
					"DEBUG=1",
					"$(inherited)",
				);
				GCC_WARN_64_TO_32_BIT_CONVERSION = YES;
				GCC_WARN_ABOUT_RETURN_TYPE = YES_ERROR;
				GCC_WARN_UNDECLARED_SELECTOR = YES;
				GCC_WARN_UNINITIALIZED_AUTOS = YES_AGGRESSIVE;
				GCC_WARN_UNUSED_FUNCTION = YES;
				GCC_WARN_UNUSED_VARIABLE = YES;
				IPHONEOS_DEPLOYMENT_TARGET = 15.5;
				MTL_ENABLE_DEBUG_INFO = INCLUDE_SOURCE;
				MTL_FAST_MATH = YES;
				ONLY_ACTIVE_ARCH = YES;
				SDKROOT = iphoneos;
				SWIFT_ACTIVE_COMPILATION_CONDITIONS = DEBUG;
				SWIFT_OPTIMIZATION_LEVEL = "-Onone";
			};
			name = Debug;
		};
		F3AB3EC428AA6C7A00FA5C7C /* Release */ = {
			isa = XCBuildConfiguration;
			buildSettings = {
				ALWAYS_SEARCH_USER_PATHS = NO;
				CLANG_ANALYZER_NONNULL = YES;
				CLANG_ANALYZER_NUMBER_OBJECT_CONVERSION = YES_AGGRESSIVE;
				CLANG_CXX_LANGUAGE_STANDARD = "gnu++17";
				CLANG_ENABLE_MODULES = YES;
				CLANG_ENABLE_OBJC_ARC = YES;
				CLANG_ENABLE_OBJC_WEAK = YES;
				CLANG_WARN_BLOCK_CAPTURE_AUTORELEASING = YES;
				CLANG_WARN_BOOL_CONVERSION = YES;
				CLANG_WARN_COMMA = YES;
				CLANG_WARN_CONSTANT_CONVERSION = YES;
				CLANG_WARN_DEPRECATED_OBJC_IMPLEMENTATIONS = YES;
				CLANG_WARN_DIRECT_OBJC_ISA_USAGE = YES_ERROR;
				CLANG_WARN_DOCUMENTATION_COMMENTS = YES;
				CLANG_WARN_EMPTY_BODY = YES;
				CLANG_WARN_ENUM_CONVERSION = YES;
				CLANG_WARN_INFINITE_RECURSION = YES;
				CLANG_WARN_INT_CONVERSION = YES;
				CLANG_WARN_NON_LITERAL_NULL_CONVERSION = YES;
				CLANG_WARN_OBJC_IMPLICIT_RETAIN_SELF = YES;
				CLANG_WARN_OBJC_LITERAL_CONVERSION = YES;
				CLANG_WARN_OBJC_ROOT_CLASS = YES_ERROR;
				CLANG_WARN_QUOTED_INCLUDE_IN_FRAMEWORK_HEADER = YES;
				CLANG_WARN_RANGE_LOOP_ANALYSIS = YES;
				CLANG_WARN_STRICT_PROTOTYPES = YES;
				CLANG_WARN_SUSPICIOUS_MOVE = YES;
				CLANG_WARN_UNGUARDED_AVAILABILITY = YES_AGGRESSIVE;
				CLANG_WARN_UNREACHABLE_CODE = YES;
				CLANG_WARN__DUPLICATE_METHOD_MATCH = YES;
				COPY_PHASE_STRIP = NO;
				DEBUG_INFORMATION_FORMAT = "dwarf-with-dsym";
				ENABLE_NS_ASSERTIONS = NO;
				ENABLE_STRICT_OBJC_MSGSEND = YES;
				GCC_C_LANGUAGE_STANDARD = gnu11;
				GCC_NO_COMMON_BLOCKS = YES;
				GCC_WARN_64_TO_32_BIT_CONVERSION = YES;
				GCC_WARN_ABOUT_RETURN_TYPE = YES_ERROR;
				GCC_WARN_UNDECLARED_SELECTOR = YES;
				GCC_WARN_UNINITIALIZED_AUTOS = YES_AGGRESSIVE;
				GCC_WARN_UNUSED_FUNCTION = YES;
				GCC_WARN_UNUSED_VARIABLE = YES;
				IPHONEOS_DEPLOYMENT_TARGET = 15.5;
				MTL_ENABLE_DEBUG_INFO = NO;
				MTL_FAST_MATH = YES;
				SDKROOT = iphoneos;
				SWIFT_COMPILATION_MODE = wholemodule;
				SWIFT_OPTIMIZATION_LEVEL = "-O";
				VALIDATE_PRODUCT = YES;
			};
			name = Release;
		};
		F3AB3EC628AA6C7A00FA5C7C /* Debug */ = {
			isa = XCBuildConfiguration;
			buildSettings = {
				ASSETCATALOG_COMPILER_APPICON_NAME = AppIcon;
				ASSETCATALOG_COMPILER_GLOBAL_ACCENT_COLOR_NAME = AccentColor;
				CODE_SIGN_STYLE = Automatic;
				CURRENT_PROJECT_VERSION = 1;
				DEVELOPMENT_TEAM = 28TA3S4YSB;
				GENERATE_INFOPLIST_FILE = YES;
				INFOPLIST_FILE = Bankey/Info.plist;
				INFOPLIST_KEY_UIApplicationSupportsIndirectInputEvents = YES;
				INFOPLIST_KEY_UILaunchStoryboardName = LaunchScreen;
				INFOPLIST_KEY_UISupportedInterfaceOrientations_iPad = "UIInterfaceOrientationPortrait UIInterfaceOrientationPortraitUpsideDown UIInterfaceOrientationLandscapeLeft UIInterfaceOrientationLandscapeRight";
				INFOPLIST_KEY_UISupportedInterfaceOrientations_iPhone = "UIInterfaceOrientationPortrait UIInterfaceOrientationLandscapeLeft UIInterfaceOrientationLandscapeRight";
				LD_RUNPATH_SEARCH_PATHS = (
					"$(inherited)",
					"@executable_path/Frameworks",
				);
				MARKETING_VERSION = 1.0;
				PRODUCT_BUNDLE_IDENTIFIER = com.uikit.learn.bankey.Bankey;
				PRODUCT_NAME = "$(TARGET_NAME)";
				SWIFT_EMIT_LOC_STRINGS = YES;
				SWIFT_VERSION = 5.0;
				TARGETED_DEVICE_FAMILY = "1,2";
			};
			name = Debug;
		};
		F3AB3EC728AA6C7A00FA5C7C /* Release */ = {
			isa = XCBuildConfiguration;
			buildSettings = {
				ASSETCATALOG_COMPILER_APPICON_NAME = AppIcon;
				ASSETCATALOG_COMPILER_GLOBAL_ACCENT_COLOR_NAME = AccentColor;
				CODE_SIGN_STYLE = Automatic;
				CURRENT_PROJECT_VERSION = 1;
				DEVELOPMENT_TEAM = 28TA3S4YSB;
				GENERATE_INFOPLIST_FILE = YES;
				INFOPLIST_FILE = Bankey/Info.plist;
				INFOPLIST_KEY_UIApplicationSupportsIndirectInputEvents = YES;
				INFOPLIST_KEY_UILaunchStoryboardName = LaunchScreen;
				INFOPLIST_KEY_UISupportedInterfaceOrientations_iPad = "UIInterfaceOrientationPortrait UIInterfaceOrientationPortraitUpsideDown UIInterfaceOrientationLandscapeLeft UIInterfaceOrientationLandscapeRight";
				INFOPLIST_KEY_UISupportedInterfaceOrientations_iPhone = "UIInterfaceOrientationPortrait UIInterfaceOrientationLandscapeLeft UIInterfaceOrientationLandscapeRight";
				LD_RUNPATH_SEARCH_PATHS = (
					"$(inherited)",
					"@executable_path/Frameworks",
				);
				MARKETING_VERSION = 1.0;
				PRODUCT_BUNDLE_IDENTIFIER = com.uikit.learn.bankey.Bankey;
				PRODUCT_NAME = "$(TARGET_NAME)";
				SWIFT_EMIT_LOC_STRINGS = YES;
				SWIFT_VERSION = 5.0;
				TARGETED_DEVICE_FAMILY = "1,2";
			};
			name = Release;
		};
/* End XCBuildConfiguration section */

/* Begin XCConfigurationList section */
		F3A7C3BC28BB2BAA006ECA02 /* Build configuration list for PBXNativeTarget "BankeyUnitTests" */ = {
			isa = XCConfigurationList;
			buildConfigurations = (
				F3A7C3BD28BB2BAA006ECA02 /* Debug */,
				F3A7C3BE28BB2BAA006ECA02 /* Release */,
			);
			defaultConfigurationIsVisible = 0;
			defaultConfigurationName = Release;
		};
		F3AB3EAC28AA6C7900FA5C7C /* Build configuration list for PBXProject "Bankey" */ = {
			isa = XCConfigurationList;
			buildConfigurations = (
				F3AB3EC328AA6C7A00FA5C7C /* Debug */,
				F3AB3EC428AA6C7A00FA5C7C /* Release */,
			);
			defaultConfigurationIsVisible = 0;
			defaultConfigurationName = Release;
		};
		F3AB3EC528AA6C7A00FA5C7C /* Build configuration list for PBXNativeTarget "Bankey" */ = {
			isa = XCConfigurationList;
			buildConfigurations = (
				F3AB3EC628AA6C7A00FA5C7C /* Debug */,
				F3AB3EC728AA6C7A00FA5C7C /* Release */,
			);
			defaultConfigurationIsVisible = 0;
			defaultConfigurationName = Release;
		};
/* End XCConfigurationList section */
	};
	rootObject = F3AB3EA928AA6C7900FA5C7C /* Project object */;
}
